
Microsoft Visual Studio Solution File, Format Version 12.00
# Visual Studio Version 17
VisualStudioVersion = 17.12.35707.178
MinimumVisualStudioVersion = 10.0.40219.1
Project("{FAE04EC0-301F-11D3-BF4B-00C04F79EFBC}") = "LearnWPF", "LearnWPF\LearnWPF.csproj", "{459325CD-3628-4669-83F0-79121780772E}"
EndProject
Project("{FAE04EC0-301F-11D3-BF4B-00C04F79EFBC}") = "Lesson5", "Lesson5\Lesson5.csproj", "{E58C6E31-568F-48A2-8CE8-0370DFA9E2BD}"
EndProject
Project("{FAE04EC0-301F-11D3-BF4B-00C04F79EFBC}") = "Lesson6", "Lesson6\Lesson6.csproj", "{58C86418-CC97-41A6-BD94-5BD74966D532}"
EndProject
Global
	GlobalSection(SolutionConfigurationPlatforms) = preSolution
		Debug|Any CPU = Debug|Any CPU
		Release|Any CPU = Release|Any CPU
	EndGlobalSection
	GlobalSection(ProjectConfigurationPlatforms) = postSolution
		{459325CD-3628-4669-83F0-79121780772E}.Debug|Any CPU.ActiveCfg = Debug|Any CPU
		{459325CD-3628-4669-83F0-79121780772E}.Debug|Any CPU.Build.0 = Debug|Any CPU
		{459325CD-3628-4669-83F0-79121780772E}.Release|Any CPU.ActiveCfg = Release|Any CPU
		{459325CD-3628-4669-83F0-79121780772E}.Release|Any CPU.Build.0 = Release|Any CPU
		{E58C6E31-568F-48A2-8CE8-0370DFA9E2BD}.Debug|Any CPU.ActiveCfg = Debug|Any CPU
		{E58C6E31-568F-48A2-8CE8-0370DFA9E2BD}.Debug|Any CPU.Build.0 = Debug|Any CPU
		{E58C6E31-568F-48A2-8CE8-0370DFA9E2BD}.Release|Any CPU.ActiveCfg = Release|Any CPU
		{E58C6E31-568F-48A2-8CE8-0370DFA9E2BD}.Release|Any CPU.Build.0 = Release|Any CPU
		{58C86418-CC97-41A6-BD94-5BD74966D532}.Debug|Any CPU.ActiveCfg = Debug|Any CPU
		{58C86418-CC97-41A6-BD94-5BD74966D532}.Debug|Any CPU.Build.0 = Debug|Any CPU
		{58C86418-CC97-41A6-BD94-5BD74966D532}.Release|Any CPU.ActiveCfg = Release|Any CPU
		{58C86418-CC97-41A6-BD94-5BD74966D532}.Release|Any CPU.Build.0 = Release|Any CPU
	EndGlobalSection
	GlobalSection(SolutionProperties) = preSolution
		HideSolutionNode = FALSE
	EndGlobalSection
EndGlobal
