
Microsoft Visual Studio Solution File, Format Version 12.00
# Visual Studio Version 17
VisualStudioVersion = 17.12.35707.178
MinimumVisualStudioVersion = 10.0.40219.1
Project("{FAE04EC0-301F-11D3-BF4B-00C04F79EFBC}") = "Lesson1Task1", "LearnWPF\Lesson1Task1.csproj", "{459325CD-3628-4669-83F0-79121780772E}"
EndProject
Project("{FAE04EC0-301F-11D3-BF4B-00C04F79EFBC}") = "Lesson1Task2", "Lesson1Task2\Lesson1Task2.csproj", "{BE108573-1217-4D2B-9638-23CF1BD0F0AD}"
EndProject
Project("{FAE04EC0-301F-11D3-BF4B-00C04F79EFBC}") = "Lesson1Task3", "Lesson1Task3\Lesson1Task3.csproj", "{EF13C631-6762-412E-98F7-AE154398B937}"
EndProject
Project("{FAE04EC0-301F-11D3-BF4B-00C04F79EFBC}") = "Lesson2", "Lesson2\Lesson2.csproj", "{20144661-E730-4BB4-94C2-9DCE7586C741}"
EndProject
Project("{FAE04EC0-301F-11D3-BF4B-00C04F79EFBC}") = "Lesson3", "Lesson3\Lesson3.csproj", "{06EFF6F4-B3CF-489B-9189-8E53C04A0335}"
EndProject
Project("{FAE04EC0-301F-11D3-BF4B-00C04F79EFBC}") = "WPFtests", "WPFtests\WPFtests.csproj", "{A3C33471-F026-4555-8F84-06D41D34A252}"
EndProject
Project("{FAE04EC0-301F-11D3-BF4B-00C04F79EFBC}") = "Lesson5", "Lesson5\Lesson5.csproj", "{E58C6E31-568F-48A2-8CE8-0370DFA9E2BD}"
EndProject
Project("{FAE04EC0-301F-11D3-BF4B-00C04F79EFBC}") = "Lesson8", "Lesson8\Lesson8.csproj", "{916FC8C6-E7C6-45BD-B53D-12F3183C8E04}"
EndProject
Project("{FAE04EC0-301F-11D3-BF4B-00C04F79EFBC}") = "Lesson 9", "Lesson 9\Lesson 9.csproj", "{19EC4453-9582-4403-8A25-0359C20B5A1C}"
EndProject
Project("{FAE04EC0-301F-11D3-BF4B-00C04F79EFBC}") = "Lesson10", "Lesson10\Lesson10.csproj", "{C45DF55C-2AE2-4164-AB72-08AB7BA0E56C}"
EndProject
Global
	GlobalSection(SolutionConfigurationPlatforms) = preSolution
		Debug|Any CPU = Debug|Any CPU
		Release|Any CPU = Release|Any CPU
	EndGlobalSection
	GlobalSection(ProjectConfigurationPlatforms) = postSolution
		{459325CD-3628-4669-83F0-79121780772E}.Debug|Any CPU.ActiveCfg = Debug|Any CPU
		{459325CD-3628-4669-83F0-79121780772E}.Debug|Any CPU.Build.0 = Debug|Any CPU
		{459325CD-3628-4669-83F0-79121780772E}.Release|Any CPU.ActiveCfg = Release|Any CPU
		{459325CD-3628-4669-83F0-79121780772E}.Release|Any CPU.Build.0 = Release|Any CPU
		{BE108573-1217-4D2B-9638-23CF1BD0F0AD}.Debug|Any CPU.ActiveCfg = Debug|Any CPU
		{BE108573-1217-4D2B-9638-23CF1BD0F0AD}.Debug|Any CPU.Build.0 = Debug|Any CPU
		{BE108573-1217-4D2B-9638-23CF1BD0F0AD}.Release|Any CPU.ActiveCfg = Release|Any CPU
		{BE108573-1217-4D2B-9638-23CF1BD0F0AD}.Release|Any CPU.Build.0 = Release|Any CPU
		{EF13C631-6762-412E-98F7-AE154398B937}.Debug|Any CPU.ActiveCfg = Debug|Any CPU
		{EF13C631-6762-412E-98F7-AE154398B937}.Debug|Any CPU.Build.0 = Debug|Any CPU
		{EF13C631-6762-412E-98F7-AE154398B937}.Release|Any CPU.ActiveCfg = Release|Any CPU
		{EF13C631-6762-412E-98F7-AE154398B937}.Release|Any CPU.Build.0 = Release|Any CPU
		{20144661-E730-4BB4-94C2-9DCE7586C741}.Debug|Any CPU.ActiveCfg = Debug|Any CPU
		{20144661-E730-4BB4-94C2-9DCE7586C741}.Debug|Any CPU.Build.0 = Debug|Any CPU
		{20144661-E730-4BB4-94C2-9DCE7586C741}.Release|Any CPU.ActiveCfg = Release|Any CPU
		{20144661-E730-4BB4-94C2-9DCE7586C741}.Release|Any CPU.Build.0 = Release|Any CPU
		{06EFF6F4-B3CF-489B-9189-8E53C04A0335}.Debug|Any CPU.ActiveCfg = Debug|Any CPU
		{06EFF6F4-B3CF-489B-9189-8E53C04A0335}.Debug|Any CPU.Build.0 = Debug|Any CPU
		{06EFF6F4-B3CF-489B-9189-8E53C04A0335}.Release|Any CPU.ActiveCfg = Release|Any CPU
		{06EFF6F4-B3CF-489B-9189-8E53C04A0335}.Release|Any CPU.Build.0 = Release|Any CPU
		{A3C33471-F026-4555-8F84-06D41D34A252}.Debug|Any CPU.ActiveCfg = Debug|Any CPU
		{A3C33471-F026-4555-8F84-06D41D34A252}.Debug|Any CPU.Build.0 = Debug|Any CPU
		{A3C33471-F026-4555-8F84-06D41D34A252}.Release|Any CPU.ActiveCfg = Release|Any CPU
		{A3C33471-F026-4555-8F84-06D41D34A252}.Release|Any CPU.Build.0 = Release|Any CPU
		{E58C6E31-568F-48A2-8CE8-0370DFA9E2BD}.Debug|Any CPU.ActiveCfg = Debug|Any CPU
		{E58C6E31-568F-48A2-8CE8-0370DFA9E2BD}.Debug|Any CPU.Build.0 = Debug|Any CPU
		{E58C6E31-568F-48A2-8CE8-0370DFA9E2BD}.Release|Any CPU.ActiveCfg = Release|Any CPU
		{E58C6E31-568F-48A2-8CE8-0370DFA9E2BD}.Release|Any CPU.Build.0 = Release|Any CPU
		{916FC8C6-E7C6-45BD-B53D-12F3183C8E04}.Debug|Any CPU.ActiveCfg = Debug|Any CPU
		{916FC8C6-E7C6-45BD-B53D-12F3183C8E04}.Debug|Any CPU.Build.0 = Debug|Any CPU
		{916FC8C6-E7C6-45BD-B53D-12F3183C8E04}.Release|Any CPU.ActiveCfg = Release|Any CPU
		{916FC8C6-E7C6-45BD-B53D-12F3183C8E04}.Release|Any CPU.Build.0 = Release|Any CPU
		{19EC4453-9582-4403-8A25-0359C20B5A1C}.Debug|Any CPU.ActiveCfg = Debug|Any CPU
		{19EC4453-9582-4403-8A25-0359C20B5A1C}.Debug|Any CPU.Build.0 = Debug|Any CPU
		{19EC4453-9582-4403-8A25-0359C20B5A1C}.Release|Any CPU.ActiveCfg = Release|Any CPU
		{19EC4453-9582-4403-8A25-0359C20B5A1C}.Release|Any CPU.Build.0 = Release|Any CPU
		{C45DF55C-2AE2-4164-AB72-08AB7BA0E56C}.Debug|Any CPU.ActiveCfg = Debug|Any CPU
		{C45DF55C-2AE2-4164-AB72-08AB7BA0E56C}.Debug|Any CPU.Build.0 = Debug|Any CPU
		{C45DF55C-2AE2-4164-AB72-08AB7BA0E56C}.Release|Any CPU.ActiveCfg = Release|Any CPU
		{C45DF55C-2AE2-4164-AB72-08AB7BA0E56C}.Release|Any CPU.Build.0 = Release|Any CPU
	EndGlobalSection
	GlobalSection(SolutionProperties) = preSolution
		HideSolutionNode = FALSE
	EndGlobalSection
EndGlobal
